
Microsoft Visual Studio Solution File, Format Version 12.00
# Visual Studio Version 17
VisualStudioVersion = 17.4.33103.184
MinimumVisualStudioVersion = 10.0.40219.1
Project("{9A19103F-16F7-4668-BE54-9A1E7A4F7556}") = "QyLoL", "QyLoL\QyLoL.csproj", "{551DFCB5-8F24-4E28-9005-2509A1630F4C}"
EndProject
Global
	GlobalSection(SolutionConfigurationPlatforms) = preSolution
		Debug|Any CPU = Debug|Any CPU
		Release|Any CPU = Release|Any CPU
	EndGlobalSection
	GlobalSection(ProjectConfigurationPlatforms) = postSolution
		{551DFCB5-8F24-4E28-9005-2509A1630F4C}.Debug|Any CPU.ActiveCfg = Debug|Any CPU
		{551DFCB5-8F24-4E28-9005-2509A1630F4C}.Debug|Any CPU.Build.0 = Debug|Any CPU
		{551DFCB5-8F24-4E28-9005-2509A1630F4C}.Release|Any CPU.ActiveCfg = Release|Any CPU
		{551DFCB5-8F24-4E28-9005-2509A1630F4C}.Release|Any CPU.Build.0 = Release|Any CPU
	EndGlobalSection
	GlobalSection(SolutionProperties) = preSolution
		HideSolutionNode = FALSE
	EndGlobalSection
	GlobalSection(ExtensibilityGlobals) = postSolution
		SolutionGuid = {708A086B-7C70-4BE0-A838-566886CB83B7}
	EndGlobalSection
EndGlobal
